
Microsoft Visual Studio Solution File, Format Version 12.00
# Visual Studio Version 17
VisualStudioVersion = 17.10.35122.118
MinimumVisualStudioVersion = 10.0.40219.1
Project("{9A19103F-16F7-4668-BE54-9A1E7A4F7556}") = "ChallengeTorneoTenis", "ChallengeTorneoTenis\ChallengeTorneoTenis.csproj", "{10610FDA-AC37-4876-9230-8962B61B5B70}"
EndProject
Project("{9A19103F-16F7-4668-BE54-9A1E7A4F7556}") = "TorneoTenis.TDA", "TorneoTenis.TDA\TorneoTenis.TDA.csproj", "{1A01FA71-680E-41EC-83AD-1E8E3C7206FE}"
EndProject
Project("{9A19103F-16F7-4668-BE54-9A1E7A4F7556}") = "TorneoTenis.Business", "TorneoTenis.Business\TorneoTenis.Business.csproj", "{6533C194-B0B2-4764-87A1-60E11A82ECAE}"
EndProject
Project("{9A19103F-16F7-4668-BE54-9A1E7A4F7556}") = "TorneoTenis.DTOs", "TorneoTenis.DTOs\TorneoTenis.DTOs.csproj", "{B8E242CA-F5BB-432B-9ADC-AEF9F917664F}"
EndProject
Project("{9A19103F-16F7-4668-BE54-9A1E7A4F7556}") = "TorneoTenis.Helpers", "TorneoTenis.Helpers\TorneoTenis.Helpers.csproj", "{2ED9A971-012B-41E0-BA89-17DD98C4DF44}"
EndProject
Project("{9A19103F-16F7-4668-BE54-9A1E7A4F7556}") = "TorneoTenis.Resources", "TorneoTenis.Resources\TorneoTenis.Resources.csproj", "{99762443-4E75-4425-B236-C6660DC619A3}"
EndProject
Global
	GlobalSection(SolutionConfigurationPlatforms) = preSolution
		Debug|Any CPU = Debug|Any CPU
		Release|Any CPU = Release|Any CPU
	EndGlobalSection
	GlobalSection(ProjectConfigurationPlatforms) = postSolution
		{10610FDA-AC37-4876-9230-8962B61B5B70}.Debug|Any CPU.ActiveCfg = Debug|Any CPU
		{10610FDA-AC37-4876-9230-8962B61B5B70}.Debug|Any CPU.Build.0 = Debug|Any CPU
		{10610FDA-AC37-4876-9230-8962B61B5B70}.Release|Any CPU.ActiveCfg = Release|Any CPU
		{10610FDA-AC37-4876-9230-8962B61B5B70}.Release|Any CPU.Build.0 = Release|Any CPU
		{1A01FA71-680E-41EC-83AD-1E8E3C7206FE}.Debug|Any CPU.ActiveCfg = Debug|Any CPU
		{1A01FA71-680E-41EC-83AD-1E8E3C7206FE}.Debug|Any CPU.Build.0 = Debug|Any CPU
		{1A01FA71-680E-41EC-83AD-1E8E3C7206FE}.Release|Any CPU.ActiveCfg = Release|Any CPU
		{1A01FA71-680E-41EC-83AD-1E8E3C7206FE}.Release|Any CPU.Build.0 = Release|Any CPU
		{6533C194-B0B2-4764-87A1-60E11A82ECAE}.Debug|Any CPU.ActiveCfg = Debug|Any CPU
		{6533C194-B0B2-4764-87A1-60E11A82ECAE}.Debug|Any CPU.Build.0 = Debug|Any CPU
		{6533C194-B0B2-4764-87A1-60E11A82ECAE}.Release|Any CPU.ActiveCfg = Release|Any CPU
		{6533C194-B0B2-4764-87A1-60E11A82ECAE}.Release|Any CPU.Build.0 = Release|Any CPU
		{B8E242CA-F5BB-432B-9ADC-AEF9F917664F}.Debug|Any CPU.ActiveCfg = Debug|Any CPU
		{B8E242CA-F5BB-432B-9ADC-AEF9F917664F}.Debug|Any CPU.Build.0 = Debug|Any CPU
		{B8E242CA-F5BB-432B-9ADC-AEF9F917664F}.Release|Any CPU.ActiveCfg = Release|Any CPU
		{B8E242CA-F5BB-432B-9ADC-AEF9F917664F}.Release|Any CPU.Build.0 = Release|Any CPU
		{2ED9A971-012B-41E0-BA89-17DD98C4DF44}.Debug|Any CPU.ActiveCfg = Debug|Any CPU
		{2ED9A971-012B-41E0-BA89-17DD98C4DF44}.Debug|Any CPU.Build.0 = Debug|Any CPU
		{2ED9A971-012B-41E0-BA89-17DD98C4DF44}.Release|Any CPU.ActiveCfg = Release|Any CPU
		{2ED9A971-012B-41E0-BA89-17DD98C4DF44}.Release|Any CPU.Build.0 = Release|Any CPU
		{99762443-4E75-4425-B236-C6660DC619A3}.Debug|Any CPU.ActiveCfg = Debug|Any CPU
		{99762443-4E75-4425-B236-C6660DC619A3}.Debug|Any CPU.Build.0 = Debug|Any CPU
		{99762443-4E75-4425-B236-C6660DC619A3}.Release|Any CPU.ActiveCfg = Release|Any CPU
		{99762443-4E75-4425-B236-C6660DC619A3}.Release|Any CPU.Build.0 = Release|Any CPU
	EndGlobalSection
	GlobalSection(SolutionProperties) = preSolution
		HideSolutionNode = FALSE
	EndGlobalSection
	GlobalSection(ExtensibilityGlobals) = postSolution
		SolutionGuid = {5DF152DF-2C8D-4929-BC70-4E4E0B6CF9C2}
	EndGlobalSection
EndGlobal
